
Microsoft Visual Studio Solution File, Format Version 12.00
# Visual Studio Version 17
VisualStudioVersion = 17.4.33213.308
MinimumVisualStudioVersion = 10.0.40219.1
Project("{FAE04EC0-301F-11D3-BF4B-00C04F79EFBC}") = "ChatGPT.API.Framework", "ChatGPT.API.Framework\ChatGPT.API.Framework.csproj", "{C93B67C8-7F98-452B-B2CB-03D1F54CA244}"
EndProject
Project("{FAE04EC0-301F-11D3-BF4B-00C04F79EFBC}") = "ChatGPT.API.Test", "ChatGPT.API.Test\ChatGPT.API.Test.csproj", "{7C30A416-042E-4228-A922-0C8FAB083CC4}"
EndProject
Project("{FAE04EC0-301F-11D3-BF4B-00C04F79EFBC}") = "ChatGPT.API.Core", "ChatGPT.API.Core\ChatGPT.API.Core.csproj", "{299E61B2-C9C9-4492-9F5F-AD5DAD1095C7}"
EndProject
Global
	GlobalSection(SolutionConfigurationPlatforms) = preSolution
		Debug|Any CPU = Debug|Any CPU
		Release|Any CPU = Release|Any CPU
	EndGlobalSection
	GlobalSection(ProjectConfigurationPlatforms) = postSolution
		{C93B67C8-7F98-452B-B2CB-03D1F54CA244}.Debug|Any CPU.ActiveCfg = Debug|Any CPU
		{C93B67C8-7F98-452B-B2CB-03D1F54CA244}.Debug|Any CPU.Build.0 = Debug|Any CPU
		{C93B67C8-7F98-452B-B2CB-03D1F54CA244}.Release|Any CPU.ActiveCfg = Release|Any CPU
		{C93B67C8-7F98-452B-B2CB-03D1F54CA244}.Release|Any CPU.Build.0 = Release|Any CPU
		{7C30A416-042E-4228-A922-0C8FAB083CC4}.Debug|Any CPU.ActiveCfg = Debug|Any CPU
		{7C30A416-042E-4228-A922-0C8FAB083CC4}.Debug|Any CPU.Build.0 = Debug|Any CPU
		{7C30A416-042E-4228-A922-0C8FAB083CC4}.Release|Any CPU.ActiveCfg = Release|Any CPU
		{7C30A416-042E-4228-A922-0C8FAB083CC4}.Release|Any CPU.Build.0 = Release|Any CPU
		{299E61B2-C9C9-4492-9F5F-AD5DAD1095C7}.Debug|Any CPU.ActiveCfg = Debug|Any CPU
		{299E61B2-C9C9-4492-9F5F-AD5DAD1095C7}.Debug|Any CPU.Build.0 = Debug|Any CPU
		{299E61B2-C9C9-4492-9F5F-AD5DAD1095C7}.Release|Any CPU.ActiveCfg = Release|Any CPU
		{299E61B2-C9C9-4492-9F5F-AD5DAD1095C7}.Release|Any CPU.Build.0 = Release|Any CPU
	EndGlobalSection
	GlobalSection(SolutionProperties) = preSolution
		HideSolutionNode = FALSE
	EndGlobalSection
	GlobalSection(ExtensibilityGlobals) = postSolution
		SolutionGuid = {3365A8C2-34FD-41AE-9A15-C30FED7CFCEF}
	EndGlobalSection
EndGlobal
